
Microsoft Visual Studio Solution File, Format Version 12.00
# Visual Studio Version 17
VisualStudioVersion = 17.14.36401.2 d17.14
MinimumVisualStudioVersion = 10.0.40219.1
Project("{FAE04EC0-301F-11D3-BF4B-00C04F79EFBC}") = "Booking", "Booking\Booking.csproj", "{3D341FF9-7C59-4ABA-82B7-3CC4090F9BFC}"
EndProject
Project("{FAE04EC0-301F-11D3-BF4B-00C04F79EFBC}") = "Booking.Client", "Booking.Client\Booking.Client.csproj", "{44670E22-3FE2-45BF-8BDF-4FE183D1E605}"
EndProject
Global
	GlobalSection(SolutionConfigurationPlatforms) = preSolution
		Debug|Any CPU = Debug|Any CPU
		Release|Any CPU = Release|Any CPU
	EndGlobalSection
	GlobalSection(ProjectConfigurationPlatforms) = postSolution
		{3D341FF9-7C59-4ABA-82B7-3CC4090F9BFC}.Debug|Any CPU.ActiveCfg = Debug|Any CPU
		{3D341FF9-7C59-4ABA-82B7-3CC4090F9BFC}.Debug|Any CPU.Build.0 = Debug|Any CPU
		{3D341FF9-7C59-4ABA-82B7-3CC4090F9BFC}.Release|Any CPU.ActiveCfg = Release|Any CPU
		{3D341FF9-7C59-4ABA-82B7-3CC4090F9BFC}.Release|Any CPU.Build.0 = Release|Any CPU
		{44670E22-3FE2-45BF-8BDF-4FE183D1E605}.Debug|Any CPU.ActiveCfg = Debug|Any CPU
		{44670E22-3FE2-45BF-8BDF-4FE183D1E605}.Debug|Any CPU.Build.0 = Debug|Any CPU
		{44670E22-3FE2-45BF-8BDF-4FE183D1E605}.Release|Any CPU.ActiveCfg = Release|Any CPU
		{44670E22-3FE2-45BF-8BDF-4FE183D1E605}.Release|Any CPU.Build.0 = Release|Any CPU
	EndGlobalSection
	GlobalSection(SolutionProperties) = preSolution
		HideSolutionNode = FALSE
	EndGlobalSection
	GlobalSection(ExtensibilityGlobals) = postSolution
		SolutionGuid = {56269CC5-674F-4958-95BB-9403D49DD13B}
	EndGlobalSection
EndGlobal
